// !$*UTF8*$!
{
	archiveVersion = 1;
	classes = {
	};
	objectVersion = 46;
	objects = {

/* Begin PBXBuildFile section */
		8402A869201EE14D006E696E /* AppDelegate.swift in Sources */ = {isa = PBXBuildFile; fileRef = 8402A868201EE14D006E696E /* AppDelegate.swift */; };
		8402A86B201EE14D006E696E /* ViewController.swift in Sources */ = {isa = PBXBuildFile; fileRef = 8402A86A201EE14D006E696E /* ViewController.swift */; };
		8402A86E201EE14D006E696E /* Main.storyboard in Resources */ = {isa = PBXBuildFile; fileRef = 8402A86C201EE14D006E696E /* Main.storyboard */; };
		8402A870201EE14D006E696E /* Assets.xcassets in Resources */ = {isa = PBXBuildFile; fileRef = 8402A86F201EE14D006E696E /* Assets.xcassets */; };
		8402A873201EE14D006E696E /* LaunchScreen.storyboard in Resources */ = {isa = PBXBuildFile; fileRef = 8402A871201EE14D006E696E /* LaunchScreen.storyboard */; };
		8402A87E201EE14D006E696E /* TipCalculatorTests.swift in Sources */ = {isa = PBXBuildFile; fileRef = 8402A87D201EE14D006E696E /* TipCalculatorTests.swift */; };
		8402A889201EE14E006E696E /* TipCalculatorUITests.swift in Sources */ = {isa = PBXBuildFile; fileRef = 8402A888201EE14E006E696E /* TipCalculatorUITests.swift */; };
/* End PBXBuildFile section */

/* Begin PBXContainerItemProxy section */
		8402A87A201EE14D006E696E /* PBXContainerItemProxy */ = {
			isa = PBXContainerItemProxy;
			containerPortal = 8402A85D201EE14D006E696E /* Project object */;
			proxyType = 1;
			remoteGlobalIDString = 8402A864201EE14D006E696E;
			remoteInfo = TipCalculator;
		};
		8402A885201EE14E006E696E /* PBXContainerItemProxy */ = {
			isa = PBXContainerItemProxy;
			containerPortal = 8402A85D201EE14D006E696E /* Project object */;
			proxyType = 1;
			remoteGlobalIDString = 8402A864201EE14D006E696E;
			remoteInfo = TipCalculator;
		};
/* End PBXContainerItemProxy section */

/* Begin PBXFileReference section */
		8402A865201EE14D006E696E /* TipCalculator.app */ = {isa = PBXFileReference; explicitFileType = wrapper.application; includeInIndex = 0; path = TipCalculator.app; sourceTree = BUILT_PRODUCTS_DIR; };
		8402A868201EE14D006E696E /* AppDelegate.swift */ = {isa = PBXFileReference; lastKnownFileType = sourcecode.swift; path = AppDelegate.swift; sourceTree = "<group>"; };
		8402A86A201EE14D006E696E /* ViewController.swift */ = {isa = PBXFileReference; lastKnownFileType = sourcecode.swift; path = ViewController.swift; sourceTree = "<group>"; };
		8402A86D201EE14D006E696E /* Base */ = {isa = PBXFileReference; lastKnownFileType = file.storyboard; name = Base; path = Base.lproj/Main.storyboard; sourceTree = "<group>"; };
		8402A86F201EE14D006E696E /* Assets.xcassets */ = {isa = PBXFileReference; lastKnownFileType = folder.assetcatalog; path = Assets.xcassets; sourceTree = "<group>"; };
		8402A872201EE14D006E696E /* Base */ = {isa = PBXFileReference; lastKnownFileType = file.storyboard; name = Base; path = Base.lproj/LaunchScreen.storyboard; sourceTree = "<group>"; };
		8402A874201EE14D006E696E /* Info.plist */ = {isa = PBXFileReference; lastKnownFileType = text.plist.xml; path = Info.plist; sourceTree = "<group>"; };
		8402A879201EE14D006E696E /* TipCalculatorTests.xctest */ = {isa = PBXFileReference; explicitFileType = wrapper.cfbundle; includeInIndex = 0; path = TipCalculatorTests.xctest; sourceTree = BUILT_PRODUCTS_DIR; };
		8402A87D201EE14D006E696E /* TipCalculatorTests.swift */ = {isa = PBXFileReference; lastKnownFileType = sourcecode.swift; path = TipCalculatorTests.swift; sourceTree = "<group>"; };
		8402A87F201EE14E006E696E /* Info.plist */ = {isa = PBXFileReference; lastKnownFileType = text.plist.xml; path = Info.plist; sourceTree = "<group>"; };
		8402A884201EE14E006E696E /* TipCalculatorUITests.xctest */ = {isa = PBXFileReference; explicitFileType = wrapper.cfbundle; includeInIndex = 0; path = TipCalculatorUITests.xctest; sourceTree = BUILT_PRODUCTS_DIR; };
		8402A888201EE14E006E696E /* TipCalculatorUITests.swift */ = {isa = PBXFileReference; lastKnownFileType = sourcecode.swift; path = TipCalculatorUITests.swift; sourceTree = "<group>"; };
		8402A88A201EE14E006E696E /* Info.plist */ = {isa = PBXFileReference; lastKnownFileType = text.plist.xml; path = Info.plist; sourceTree = "<group>"; };
/* End PBXFileReference section */

/* Begin PBXFrameworksBuildPhase section */
		8402A862201EE14D006E696E /* Frameworks */ = {
			isa = PBXFrameworksBuildPhase;
			buildActionMask = 2147483647;
			files = (
			);
			runOnlyForDeploymentPostprocessing = 0;
		};
		8402A876201EE14D006E696E /* Frameworks */ = {
			isa = PBXFrameworksBuildPhase;
			buildActionMask = 2147483647;
			files = (
			);
			runOnlyForDeploymentPostprocessing = 0;
		};
		8402A881201EE14E006E696E /* Frameworks */ = {
			isa = PBXFrameworksBuildPhase;
			buildActionMask = 2147483647;
			files = (
			);
			runOnlyForDeploymentPostprocessing = 0;
		};
/* End PBXFrameworksBuildPhase section */

/* Begin PBXGroup section */
		8402A85C201EE14D006E696E = {
			isa = PBXGroup;
			children = (
				8402A867201EE14D006E696E /* TipCalculator */,
				8402A87C201EE14D006E696E /* TipCalculatorTests */,
				8402A887201EE14E006E696E /* TipCalculatorUITests */,
				8402A866201EE14D006E696E /* Products */,
			);
			sourceTree = "<group>";
		};
		8402A866201EE14D006E696E /* Products */ = {
			isa = PBXGroup;
			children = (
				8402A865201EE14D006E696E /* TipCalculator.app */,
				8402A879201EE14D006E696E /* TipCalculatorTests.xctest */,
				8402A884201EE14E006E696E /* TipCalculatorUITests.xctest */,
			);
			name = Products;
			sourceTree = "<group>";
		};
		8402A867201EE14D006E696E /* TipCalculator */ = {
			isa = PBXGroup;
			children = (
				8402A868201EE14D006E696E /* AppDelegate.swift */,
				8402A86A201EE14D006E696E /* ViewController.swift */,
				8402A86C201EE14D006E696E /* Main.storyboard */,
				8402A86F201EE14D006E696E /* Assets.xcassets */,
				8402A871201EE14D006E696E /* LaunchScreen.storyboard */,
				8402A874201EE14D006E696E /* Info.plist */,
			);
			path = TipCalculator;
			sourceTree = "<group>";
		};
		8402A87C201EE14D006E696E /* TipCalculatorTests */ = {
			isa = PBXGroup;
			children = (
				8402A87D201EE14D006E696E /* TipCalculatorTests.swift */,
				8402A87F201EE14E006E696E /* Info.plist */,
			);
			path = TipCalculatorTests;
			sourceTree = "<group>";
		};
		8402A887201EE14E006E696E /* TipCalculatorUITests */ = {
			isa = PBXGroup;
			children = (
				8402A888201EE14E006E696E /* TipCalculatorUITests.swift */,
				8402A88A201EE14E006E696E /* Info.plist */,
			);
			path = TipCalculatorUITests;
			sourceTree = "<group>";
		};
/* End PBXGroup section */

/* Begin PBXNativeTarget section */
		8402A864201EE14D006E696E /* TipCalculator */ = {
			isa = PBXNativeTarget;
			buildConfigurationList = 8402A88D201EE14E006E696E /* Build configuration list for PBXNativeTarget "TipCalculator" */;
			buildPhases = (
				8402A861201EE14D006E696E /* Sources */,
				8402A862201EE14D006E696E /* Frameworks */,
				8402A863201EE14D006E696E /* Resources */,
			);
			buildRules = (
			);
			dependencies = (
			);
			name = TipCalculator;
			productName = TipCalculator;
			productReference = 8402A865201EE14D006E696E /* TipCalculator.app */;
			productType = "com.apple.product-type.application";
		};
		8402A878201EE14D006E696E /* TipCalculatorTests */ = {
			isa = PBXNativeTarget;
			buildConfigurationList = 8402A890201EE14E006E696E /* Build configuration list for PBXNativeTarget "TipCalculatorTests" */;
			buildPhases = (
				8402A875201EE14D006E696E /* Sources */,
				8402A876201EE14D006E696E /* Frameworks */,
				8402A877201EE14D006E696E /* Resources */,
			);
			buildRules = (
			);
			dependencies = (
				8402A87B201EE14D006E696E /* PBXTargetDependency */,
			);
			name = TipCalculatorTests;
			productName = TipCalculatorTests;
			productReference = 8402A879201EE14D006E696E /* TipCalculatorTests.xctest */;
			productType = "com.apple.product-type.bundle.unit-test";
		};
		8402A883201EE14E006E696E /* TipCalculatorUITests */ = {
			isa = PBXNativeTarget;
			buildConfigurationList = 8402A893201EE14E006E696E /* Build configuration list for PBXNativeTarget "TipCalculatorUITests" */;
			buildPhases = (
				8402A880201EE14E006E696E /* Sources */,
				8402A881201EE14E006E696E /* Frameworks */,
				8402A882201EE14E006E696E /* Resources */,
			);
			buildRules = (
			);
			dependencies = (
				8402A886201EE14E006E696E /* PBXTargetDependency */,
			);
			name = TipCalculatorUITests;
			productName = TipCalculatorUITests;
			productReference = 8402A884201EE14E006E696E /* TipCalculatorUITests.xctest */;
			productType = "com.apple.product-type.bundle.ui-testing";
		};
/* End PBXNativeTarget section */

/* Begin PBXProject section */
		8402A85D201EE14D006E696E /* Project object */ = {
			isa = PBXProject;
			attributes = {
				LastSwiftUpdateCheck = 0800;
				LastUpgradeCheck = 0800;
				ORGANIZATIONNAME = "Michael Sanchez";
				TargetAttributes = {
					8402A864201EE14D006E696E = {
						CreatedOnToolsVersion = 8.0;
						ProvisioningStyle = Automatic;
					};
					8402A878201EE14D006E696E = {
						CreatedOnToolsVersion = 8.0;
						ProvisioningStyle = Automatic;
						TestTargetID = 8402A864201EE14D006E696E;
					};
					8402A883201EE14E006E696E = {
						CreatedOnToolsVersion = 8.0;
						ProvisioningStyle = Automatic;
						TestTargetID = 8402A864201EE14D006E696E;
					};
				};
			};
			buildConfigurationList = 8402A860201EE14D006E696E /* Build configuration list for PBXProject "TipCalculator" */;
			compatibilityVersion = "Xcode 3.2";
			developmentRegion = English;
			hasScannedForEncodings = 0;
			knownRegions = (
				en,
				Base,
			);
			mainGroup = 8402A85C201EE14D006E696E;
			productRefGroup = 8402A866201EE14D006E696E /* Products */;
			projectDirPath = "";
			projectRoot = "";
			targets = (
				8402A864201EE14D006E696E /* TipCalculator */,
				8402A878201EE14D006E696E /* TipCalculatorTests */,
				8402A883201EE14E006E696E /* TipCalculatorUITests */,
			);
		};
/* End PBXProject section */

/* Begin PBXResourcesBuildPhase section */
		8402A863201EE14D006E696E /* Resources */ = {
			isa = PBXResourcesBuildPhase;
			buildActionMask = 2147483647;
			files = (
				8402A873201EE14D006E696E /* LaunchScreen.storyboard in Resources */,
				8402A870201EE14D006E696E /* Assets.xcassets in Resources */,
				8402A86E201EE14D006E696E /* Main.storyboard in Resources */,
			);
			runOnlyForDeploymentPostprocessing = 0;
		};
		8402A877201EE14D006E696E /* Resources */ = {
			isa = PBXResourcesBuildPhase;
			buildActionMask = 2147483647;
			files = (
			);
			runOnlyForDeploymentPostprocessing = 0;
		};
		8402A882201EE14E006E696E /* Resources */ = {
			isa = PBXResourcesBuildPhase;
			buildActionMask = 2147483647;
			files = (
			);
			runOnlyForDeploymentPostprocessing = 0;
		};
/* End PBXResourcesBuildPhase section */

/* Begin PBXSourcesBuildPhase section */
		8402A861201EE14D006E696E /* Sources */ = {
			isa = PBXSourcesBuildPhase;
			buildActionMask = 2147483647;
			files = (
				8402A86B201EE14D006E696E /* ViewController.swift in Sources */,
				8402A869201EE14D006E696E /* AppDelegate.swift in Sources */,
			);
			runOnlyForDeploymentPostprocessing = 0;
		};
		8402A875201EE14D006E696E /* Sources */ = {
			isa = PBXSourcesBuildPhase;
			buildActionMask = 2147483647;
			files = (
				8402A87E201EE14D006E696E /* TipCalculatorTests.swift in Sources */,
			);
			runOnlyForDeploymentPostprocessing = 0;
		};
		8402A880201EE14E006E696E /* Sources */ = {
			isa = PBXSourcesBuildPhase;
			buildActionMask = 2147483647;
			files = (
				8402A889201EE14E006E696E /* TipCalculatorUITests.swift in Sources */,
			);
			runOnlyForDeploymentPostprocessing = 0;
		};
/* End PBXSourcesBuildPhase section */

/* Begin PBXTargetDependency section */
		8402A87B201EE14D006E696E /* PBXTargetDependency */ = {
			isa = PBXTargetDependency;
			target = 8402A864201EE14D006E696E /* TipCalculator */;
			targetProxy = 8402A87A201EE14D006E696E /* PBXContainerItemProxy */;
		};
		8402A886201EE14E006E696E /* PBXTargetDependency */ = {
			isa = PBXTargetDependency;
			target = 8402A864201EE14D006E696E /* TipCalculator */;
			targetProxy = 8402A885201EE14E006E696E /* PBXContainerItemProxy */;
		};
/* End PBXTargetDependency section */

/* Begin PBXVariantGroup section */
		8402A86C201EE14D006E696E /* Main.storyboard */ = {
			isa = PBXVariantGroup;
			children = (
				8402A86D201EE14D006E696E /* Base */,
			);
			name = Main.storyboard;
			sourceTree = "<group>";
		};
		8402A871201EE14D006E696E /* LaunchScreen.storyboard */ = {
			isa = PBXVariantGroup;
			children = (
				8402A872201EE14D006E696E /* Base */,
			);
			name = LaunchScreen.storyboard;
			sourceTree = "<group>";
		};
/* End PBXVariantGroup section */

/* Begin XCBuildConfiguration section */
		8402A88B201EE14E006E696E /* Debug */ = {
			isa = XCBuildConfiguration;
			buildSettings = {
				ALWAYS_SEARCH_USER_PATHS = NO;
				CLANG_ANALYZER_NONNULL = YES;
				CLANG_CXX_LANGUAGE_STANDARD = "gnu++0x";
				CLANG_CXX_LIBRARY = "libc++";
				CLANG_ENABLE_MODULES = YES;
				CLANG_ENABLE_OBJC_ARC = YES;
				CLANG_WARN_BOOL_CONVERSION = YES;
				CLANG_WARN_CONSTANT_CONVERSION = YES;
				CLANG_WARN_DIRECT_OBJC_ISA_USAGE = YES_ERROR;
				CLANG_WARN_DOCUMENTATION_COMMENTS = YES;
				CLANG_WARN_EMPTY_BODY = YES;
				CLANG_WARN_ENUM_CONVERSION = YES;
				CLANG_WARN_INFINITE_RECURSION = YES;
				CLANG_WARN_INT_CONVERSION = YES;
				CLANG_WARN_OBJC_ROOT_CLASS = YES_ERROR;
				CLANG_WARN_SUSPICIOUS_MOVES = YES;
				CLANG_WARN_UNREACHABLE_CODE = YES;
				CLANG_WARN__DUPLICATE_METHOD_MATCH = YES;
				"CODE_SIGN_IDENTITY[sdk=iphoneos*]" = "iPhone Developer";
				COPY_PHASE_STRIP = NO;
				DEBUG_INFORMATION_FORMAT = dwarf;
				ENABLE_STRICT_OBJC_MSGSEND = YES;
				ENABLE_TESTABILITY = YES;
				GCC_C_LANGUAGE_STANDARD = gnu99;
				GCC_DYNAMIC_NO_PIC = NO;
				GCC_NO_COMMON_BLOCKS = YES;
				GCC_OPTIMIZATION_LEVEL = 0;
				GCC_PREPROCESSOR_DEFINITIONS = (
					"DEBUG=1",
					"$(inherited)",
				);
				GCC_WARN_64_TO_32_BIT_CONVERSION = YES;
				GCC_WARN_ABOUT_RETURN_TYPE = YES_ERROR;
				GCC_WARN_UNDECLARED_SELECTOR = YES;
				GCC_WARN_UNINITIALIZED_AUTOS = YES_AGGRESSIVE;
				GCC_WARN_UNUSED_FUNCTION = YES;
				GCC_WARN_UNUSED_VARIABLE = YES;
				IPHONEOS_DEPLOYMENT_TARGET = 10.0;
				MTL_ENABLE_DEBUG_INFO = YES;
				ONLY_ACTIVE_ARCH = YES;
				SDKROOT = iphoneos;
				SWIFT_ACTIVE_COMPILATION_CONDITIONS = DEBUG;
				SWIFT_OPTIMIZATION_LEVEL = "-Onone";
				TARGETED_DEVICE_FAMILY = "1,2";
			};
			name = Debug;
		};
		8402A88C201EE14E006E696E /* Release */ = {
			isa = XCBuildConfiguration;
			buildSettings = {
				ALWAYS_SEARCH_USER_PATHS = NO;
				CLANG_ANALYZER_NONNULL = YES;
				CLANG_CXX_LANGUAGE_STANDARD = "gnu++0x";
				CLANG_CXX_LIBRARY = "libc++";
				CLANG_ENABLE_MODULES = YES;
				CLANG_ENABLE_OBJC_ARC = YES;
				CLANG_WARN_BOOL_CONVERSION = YES;
				CLANG_WARN_CONSTANT_CONVERSION = YES;
				CLANG_WARN_DIRECT_OBJC_ISA_USAGE = YES_ERROR;
				CLANG_WARN_DOCUMENTATION_COMMENTS = YES;
				CLANG_WARN_EMPTY_BODY = YES;
				CLANG_WARN_ENUM_CONVERSION = YES;
				CLANG_WARN_INFINITE_RECURSION = YES;
				CLANG_WARN_INT_CONVERSION = YES;
				CLANG_WARN_OBJC_ROOT_CLASS = YES_ERROR;
				CLANG_WARN_SUSPICIOUS_MOVES = YES;
				CLANG_WARN_UNREACHABLE_CODE = YES;
				CLANG_WARN__DUPLICATE_METHOD_MATCH = YES;
				"CODE_SIGN_IDENTITY[sdk=iphoneos*]" = "iPhone Developer";
				COPY_PHASE_STRIP = NO;
				DEBUG_INFORMATION_FORMAT = "dwarf-with-dsym";
				ENABLE_NS_ASSERTIONS = NO;
				ENABLE_STRICT_OBJC_MSGSEND = YES;
				GCC_C_LANGUAGE_STANDARD = gnu99;
				GCC_NO_COMMON_BLOCKS = YES;
				GCC_WARN_64_TO_32_BIT_CONVERSION = YES;
				GCC_WARN_ABOUT_RETURN_TYPE = YES_ERROR;
				GCC_WARN_UNDECLARED_SELECTOR = YES;
				GCC_WARN_UNINITIALIZED_AUTOS = YES_AGGRESSIVE;
				GCC_WARN_UNUSED_FUNCTION = YES;
				GCC_WARN_UNUSED_VARIABLE = YES;
				IPHONEOS_DEPLOYMENT_TARGET = 10.0;
				MTL_ENABLE_DEBUG_INFO = NO;
				SDKROOT = iphoneos;
				SWIFT_OPTIMIZATION_LEVEL = "-Owholemodule";
				TARGETED_DEVICE_FAMILY = "1,2";
				VALIDATE_PRODUCT = YES;
			};
			name = Release;
		};
		8402A88E201EE14E006E696E /* Debug */ = {
			isa = XCBuildConfiguration;
			buildSettings = {
				ASSETCATALOG_COMPILER_APPICON_NAME = AppIcon;
				INFOPLIST_FILE = TipCalculator/Info.plist;
				LD_RUNPATH_SEARCH_PATHS = "$(inherited) @executable_path/Frameworks";
				PRODUCT_BUNDLE_IDENTIFIER = msanchez.TipCalculator;
				PRODUCT_NAME = "$(TARGET_NAME)";
				SWIFT_VERSION = 3.0;
			};
			name = Debug;
		};
		8402A88F201EE14E006E696E /* Release */ = {
			isa = XCBuildConfiguration;
			buildSettings = {
				ASSETCATALOG_COMPILER_APPICON_NAME = AppIcon;
				INFOPLIST_FILE = TipCalculator/Info.plist;
				LD_RUNPATH_SEARCH_PATHS = "$(inherited) @executable_path/Frameworks";
				PRODUCT_BUNDLE_IDENTIFIER = msanchez.TipCalculator;
				PRODUCT_NAME = "$(TARGET_NAME)";
				SWIFT_VERSION = 3.0;
			};
			name = Release;
		};
		8402A891201EE14E006E696E /* Debug */ = {
			isa = XCBuildConfiguration;
			buildSettings = {
				ALWAYS_EMBED_SWIFT_STANDARD_LIBRARIES = YES;
				BUNDLE_LOADER = "$(TEST_HOST)";
				INFOPLIST_FILE = TipCalculatorTests/Info.plist;
				LD_RUNPATH_SEARCH_PATHS = "$(inherited) @executable_path/Frameworks @loader_path/Frameworks";
				PRODUCT_BUNDLE_IDENTIFIER = msanchez.TipCalculatorTests;
				PRODUCT_NAME = "$(TARGET_NAME)";
				SWIFT_VERSION = 3.0;
				TEST_HOST = "$(BUILT_PRODUCTS_DIR)/TipCalculator.app/TipCalculator";
			};
			name = Debug;
		};
		8402A892201EE14E006E696E /* Release */ = {
			isa = XCBuildConfiguration;
			buildSettings = {
				ALWAYS_EMBED_SWIFT_STANDARD_LIBRARIES = YES;
				BUNDLE_LOADER = "$(TEST_HOST)";
				INFOPLIST_FILE = TipCalculatorTests/Info.plist;
				LD_RUNPATH_SEARCH_PATHS = "$(inherited) @executable_path/Frameworks @loader_path/Frameworks";
				PRODUCT_BUNDLE_IDENTIFIER = msanchez.TipCalculatorTests;
				PRODUCT_NAME = "$(TARGET_NAME)";
				SWIFT_VERSION = 3.0;
				TEST_HOST = "$(BUILT_PRODUCTS_DIR)/TipCalculator.app/TipCalculator";
			};
			name = Release;
		};
		8402A894201EE14E006E696E /* Debug */ = {
			isa = XCBuildConfiguration;
			buildSettings = {
				ALWAYS_EMBED_SWIFT_STANDARD_LIBRARIES = YES;
				INFOPLIST_FILE = TipCalculatorUITests/Info.plist;
				LD_RUNPATH_SEARCH_PATHS = "$(inherited) @executable_path/Frameworks @loader_path/Frameworks";
				PRODUCT_BUNDLE_IDENTIFIER = msanchez.TipCalculatorUITests;
				PRODUCT_NAME = "$(TARGET_NAME)";
				SWIFT_VERSION = 3.0;
				TEST_TARGET_NAME = TipCalculator;
			};
			name = Debug;
		};
		8402A895201EE14E006E696E /* Release */ = {
			isa = XCBuildConfiguration;
			buildSettings = {
				ALWAYS_EMBED_SWIFT_STANDARD_LIBRARIES = YES;
				INFOPLIST_FILE = TipCalculatorUITests/Info.plist;
				LD_RUNPATH_SEARCH_PATHS = "$(inherited) @executable_path/Frameworks @loader_path/Frameworks";
				PRODUCT_BUNDLE_IDENTIFIER = msanchez.TipCalculatorUITests;
				PRODUCT_NAME = "$(TARGET_NAME)";
				SWIFT_VERSION = 3.0;
				TEST_TARGET_NAME = TipCalculator;
			};
			name = Release;
		};
/* End XCBuildConfiguration section */

/* Begin XCConfigurationList section */
		8402A860201EE14D006E696E /* Build configuration list for PBXProject "TipCalculator" */ = {
			isa = XCConfigurationList;
			buildConfigurations = (
				8402A88B201EE14E006E696E /* Debug */,
				8402A88C201EE14E006E696E /* Release */,
			);
			defaultConfigurationIsVisible = 0;
			defaultConfigurationName = Release;
		};
		8402A88D201EE14E006E696E /* Build configuration list for PBXNativeTarget "TipCalculator" */ = {
			isa = XCConfigurationList;
			buildConfigurations = (
				8402A88E201EE14E006E696E /* Debug */,
				8402A88F201EE14E006E696E /* Release */,
			);
			defaultConfigurationIsVisible = 0;
		};
		8402A890201EE14E006E696E /* Build configuration list for PBXNativeTarget "TipCalculatorTests" */ = {
			isa = XCConfigurationList;
			buildConfigurations = (
				8402A891201EE14E006E696E /* Debug */,
				8402A892201EE14E006E696E /* Release */,
			);
			defaultConfigurationIsVisible = 0;
		};
		8402A893201EE14E006E696E /* Build configuration list for PBXNativeTarget "TipCalculatorUITests" */ = {
			isa = XCConfigurationList;
			buildConfigurations = (
				8402A894201EE14E006E696E /* Debug */,
				8402A895201EE14E006E696E /* Release */,
			);
			defaultConfigurationIsVisible = 0;
		};
/* End XCConfigurationList section */
	};
	rootObject = 8402A85D201EE14D006E696E /* Project object */;
}
